# THIS IS AN AUTOGENERATED FILE. DO NOT EDIT THIS FILE DIRECTLY.
# yarn lockfile v1


"@babel/parser@^7.18.4":
  version "7.20.3"
  resolved "https://npm.corp.kuaishou.com/@babel%2fparser/-/parser-7.20.3.tgz#5358cf62e380cf69efcb87a7bb922ff88bfac6e2"
  integrity sha512-OP/s5a94frIPXwjzEcv5S/tpQfc6XhxYUnmWpgdqMWGgYCuErA3SzozaRAMQgSZWKeTJxht9aWAkUY+0UzvOFg==

"@babel/runtime@^7.10.2":
  version "7.20.1"
  resolved "https://npm.corp.kuaishou.com/@babel%2fruntime/-/runtime-7.20.1.tgz#1148bb33ab252b165a06698fde7576092a78b4a9"
  integrity sha512-mrzLkl6U9YLF8qpqI7TB82PESyEGjm/0Ly91jG575eVxMMlb8fYfOXFZIJ8XfLrJZQbm7dlKry2bJmXBUEkdFg==
  dependencies:
    regenerator-runtime "^0.13.10"

"@leancloud/adapter-types@^3.0.0":
  version "3.0.0"
  resolved "https://npm.corp.kuaishou.com/@leancloud%2fadapter-types/-/adapter-types-3.0.0.tgz#71c5e8e37065bea4914650848b55a6262d658577"
  integrity sha1-ccXo43BlvqSRRlCEi1WmJi1lhXc=

"@leancloud/adapter-types@^5.0.0":
  version "5.0.0"
  resolved "https://npm.corp.kuaishou.com/@leancloud%2fadapter-types/-/adapter-types-5.0.0.tgz#38febab5232efee70744c09daa04ff053ebef70d"
  integrity sha1-OP66tSMu/ucHRMCdqgT/BT6+9w0=

"@leancloud/adapter-utils@^1.2.2":
  version "1.2.2"
  resolved "https://npm.corp.kuaishou.com/@leancloud%2fadapter-utils/-/adapter-utils-1.2.2.tgz#e7e57b6a2d7ea949aa9889f33dec95ca94416a5d"
  integrity sha1-5+V7ai1+qUmqmInzPeyVypRBal0=

"@leancloud/adapters-superagent@^1.4.3":
  version "1.4.3"
  resolved "https://npm.corp.kuaishou.com/@leancloud%2fadapters-superagent/-/adapters-superagent-1.4.3.tgz#aa093f480ce44a8c4aad3dfadff7dfe317970020"
  integrity sha512-zWfYEFUXahcZH+RgaRCgf/YCWdPr0svztXdLazrn22pCStGEu0qdt2rUV9dqiw9gMh3zdkHUt6ZxlmxQyO7uXw==
  dependencies:
    "@leancloud/adapter-types" "^5.0.0"
    "@leancloud/adapter-utils" "^1.2.2"
    "@types/superagent" "^4.1.7"
    superagent "^5.2.2"

"@leancloud/platform-adapters-browser@^1.1.0":
  version "1.5.3"
  resolved "https://npm.corp.kuaishou.com/@leancloud%2fplatform-adapters-browser/-/platform-adapters-browser-1.5.3.tgz#117ffb81fcd2b825cbded93da9f37e65c9d56b38"
  integrity sha512-60atgNek/mdOEMyawYfCClllezS4grO8JY3a83zv2ZDJ0h58cLobsNK8FSkQHn9q8zLbCpeT0drB426g/pEhTw==
  dependencies:
    "@leancloud/adapter-types" "^5.0.0"
    "@leancloud/adapters-superagent" "^1.4.3"

"@leancloud/platform-adapters-node@^1.1.0":
  version "1.5.3"
  resolved "https://npm.corp.kuaishou.com/@leancloud%2fplatform-adapters-node/-/platform-adapters-node-1.5.3.tgz#951b65b02b788b7d72c6ca4835bd4210008f1102"
  integrity sha512-IHsNTfoDVn1P+/jAwGBn9b6AL4urWVMXOivQe9R+E3l6xFVov/YhCMQzsFllmwzQFoqoHqPb7PkB+6nTKJSKSg==
  dependencies:
    "@leancloud/adapter-types" "^5.0.0"
    "@leancloud/adapters-superagent" "^1.4.3"
    "@types/ws" "^7.2.2"
    localstorage-memory "^1.0.2"
    ws "^5.2.2"

"@leancloud/platform-adapters-weapp@^1.2.0":
  version "1.6.2"
  resolved "https://npm.corp.kuaishou.com/@leancloud%2fplatform-adapters-weapp/-/platform-adapters-weapp-1.6.2.tgz#56d8c32d924000f943fa6c8cf0755683961a748e"
  integrity sha512-xMe8r3w0G/vOKy/Wnc9SZeb+cU/RzHkTK0s9aVgGS01wxOBAVlgbUEC8K67D1IeI15LxODL9e6wXXPgleR58FQ==
  dependencies:
    "@leancloud/adapter-types" "^5.0.0"
    "@leancloud/adapter-utils" "^1.2.2"
    event-target-shim "^5.0.1"
    miniprogram-api-typings "^2.10.2"

"@types/cookiejar@*":
  version "2.1.2"
  resolved "https://npm.corp.kuaishou.com/@types%2fcookiejar/-/cookiejar-2.1.2.tgz#66ad9331f63fe8a3d3d9d8c6e3906dd10f6446e8"
  integrity sha512-t73xJJrvdTjXrn4jLS9VSGRbz0nUY3cl2DMGDU48lKl+HR9dbbjW2A9r3g40VA++mQpy6uuHg33gy7du2BKpog==

"@types/node@*":
  version "18.11.9"
  resolved "https://npm.corp.kuaishou.com/@types%2fnode/-/node-18.11.9.tgz#02d013de7058cea16d36168ef2fc653464cfbad4"
  integrity sha512-CRpX21/kGdzjOpFsZSkcrXMGIBWMGNIHXXBVFSH+ggkftxg+XYP20TESbh+zFvFj3EQOl5byk0HTRn1IL6hbqg==

"@types/superagent@^4.1.7":
  version "4.1.14"
  resolved "https://npm.corp.kuaishou.com/@types%2fsuperagent/-/superagent-4.1.14.tgz#ca2eed4fad671e704d3d0f33aaf099edb4a5b857"
  integrity sha512-iiXaOL2wSbnSY4qg0mFPWJHL9iwyEsoNYwaHF2w58/fsVAQJlj+KUfFAFZu+nzbz+b7dUprJEAc+O9vhHHhQTA==
  dependencies:
    "@types/cookiejar" "*"
    "@types/node" "*"

"@types/ws@^7.2.2":
  version "7.4.7"
  resolved "https://npm.corp.kuaishou.com/@types%2fws/-/ws-7.4.7.tgz#f7c390a36f7a0679aa69de2d501319f4f8d9b702"
  integrity sha512-JQbbmxZTZehdc2iszGKs5oC3NFnjeay7mtAWrdt7qNtAVK0g19muApzAy4bm9byz79xa2ZnO/BOBC2R8RC5Lww==
  dependencies:
    "@types/node" "*"

"@vssue/api-bitbucket-v2@^1.1.1":
  version "1.4.7"
  resolved "https://npm.corp.kuaishou.com/@vssue%2fapi-bitbucket-v2/-/api-bitbucket-v2-1.4.7.tgz#8727457ef6d21011b071f4a2520a89dca9092eb4"
  integrity sha1-hydFfvbSEBGwcfSiUgqJ3KkJLrQ=
  dependencies:
    "@vssue/utils" "^1.4.7"
    axios "^0.21.1"

"@vssue/api-gitee-v5@^1.4.4":
  version "1.4.7"
  resolved "https://npm.corp.kuaishou.com/@vssue%2fapi-gitee-v5/-/api-gitee-v5-1.4.7.tgz#2bb0be18ef131fea109156c6792c16bea22dd4c9"
  integrity sha1-K7C+GO8TH+oQkVbGeSwWvqIt1Mk=
  dependencies:
    "@vssue/utils" "^1.4.7"
    axios "^0.21.1"

"@vssue/api-github-v3@^1.4.4":
  version "1.4.7"
  resolved "https://npm.corp.kuaishou.com/@vssue%2fapi-github-v3/-/api-github-v3-1.4.7.tgz#7e30304111ac34b5785abe2f99be8dcc04e94cdf"
  integrity sha1-fjAwQRGsNLV4Wr4vmb6NzATpTN8=
  dependencies:
    "@vssue/utils" "^1.4.7"
    axios "^0.21.1"

"@vssue/api-github-v4@^1.2.0":
  version "1.4.7"
  resolved "https://npm.corp.kuaishou.com/@vssue%2fapi-github-v4/-/api-github-v4-1.4.7.tgz#873554ec8e8351e5eeb8ca76246c2914b20e1bc4"
  integrity sha1-hzVU7I6DUeXuuMp2JGwpFLIOG8Q=
  dependencies:
    "@vssue/utils" "^1.4.7"
    axios "^0.21.1"

"@vssue/api-gitlab-v4@^1.1.1":
  version "1.4.7"
  resolved "https://npm.corp.kuaishou.com/@vssue%2fapi-gitlab-v4/-/api-gitlab-v4-1.4.7.tgz#1cfa6caac33e9609104d8f1ad11491985110f8df"
  integrity sha1-HPpsqsM+lgkQTY8a0RSRmFEQ+N8=
  dependencies:
    "@vssue/utils" "^1.4.7"
    axios "^0.21.1"

"@vssue/utils@^1.4.7":
  version "1.4.7"
  resolved "https://npm.corp.kuaishou.com/@vssue%2futils/-/utils-1.4.7.tgz#58a9ec2687d26080aa04cab17e8f87049f1342c3"
  integrity sha1-WKnsJofSYICqBMqxfo+HBJ8TQsM=
  dependencies:
    date-fns "^1.29.0"
    qs "^6.6.0"

"@vue/compiler-sfc@2.7.13":
  version "2.7.13"
  resolved "https://npm.corp.kuaishou.com/@vue%2fcompiler-sfc/-/compiler-sfc-2.7.13.tgz#818944f4a9616b752d48dac6a56bffe2db88bdff"
  integrity sha512-zzu2rLRZlgIU+OT3Atbr7Y6PG+LW4wVQpPfNRrGDH3dM9PsrcVfa+1pKb8bW467bGM3aDOvAnsYLWVpYIv3GRg==
  dependencies:
    "@babel/parser" "^7.18.4"
    postcss "^8.4.14"
    source-map "^0.6.1"

"@vuepress-reco/vuepress-plugin-comments@^1.6.13":
  version "1.6.13"
  resolved "https://npm.corp.kuaishou.com/@vuepress-reco%2fvuepress-plugin-comments/-/vuepress-plugin-comments-1.6.13.tgz#71d3291a3cc79085981beb42ac22cfa5191fc5d4"
  integrity sha512-KunbkxcMxYxelpVyN3FBcnVPXPifqlpctQHUllZk4As9q/PJALCvuJWZ0MWsM5CIdrUL9DBrGmSUW4amfOiUAw==
  dependencies:
    "@vssue/api-bitbucket-v2" "^1.1.1"
    "@vssue/api-gitee-v5" "^1.4.4"
    "@vssue/api-github-v3" "^1.4.4"
    "@vssue/api-github-v4" "^1.2.0"
    "@vssue/api-gitlab-v4" "^1.1.1"
    valine "^1.4.18"
    vssue "^1.4.6"

ansi-regex@^2.0.0:
  version "2.1.1"
  resolved "https://npm.corp.kuaishou.com/ansi-regex/-/ansi-regex-2.1.1.tgz#c3b33ab5ee360d86e0e628f0468ae7ef27d654df"
  integrity sha1-w7M6te42DYbg5ijwRorn7yfWVN8=

anymatch@~3.1.2:
  version "3.1.2"
  resolved "https://npm.corp.kuaishou.com/anymatch/-/anymatch-3.1.2.tgz#c0557c096af32f106198f4f4e2a383537e378716"
  integrity sha1-wFV8CWrzLxBhmPT04qODU343hxY=
  dependencies:
    normalize-path "^3.0.0"
    picomatch "^2.0.4"

ascli@~1:
  version "1.0.1"
  resolved "https://npm.corp.kuaishou.com/ascli/-/ascli-1.0.1.tgz#bcfa5974a62f18e81cabaeb49732ab4a88f906bc"
  integrity sha512-JGQaNxpaCJz9Bd1JvVaFIHuWn9S+l3xhN17R0V/vmUDiGE0QngNMXhjlqpwqV+91plWz9Fg+Lt28Lj7p5vjs8A==
  dependencies:
    colour "~0.7.1"
    optjs "~3.2.2"

assignment@2.0.0:
  version "2.0.0"
  resolved "https://npm.corp.kuaishou.com/assignment/-/assignment-2.0.0.tgz#ffd17b21bf5d6b22e777b989681a815456a3dd3e"
  integrity sha1-/9F7Ib9dayLnd7mJaBqBVFaj3T4=

async-limiter@~1.0.0:
  version "1.0.1"
  resolved "https://npm.corp.kuaishou.com/async-limiter/-/async-limiter-1.0.1.tgz#dd379e94f0db8310b08291f9d64c3209766617fd"
  integrity sha512-csOlWGAcRFJaI6m+F2WKdnMKr4HhdhFVBk0H/QbJFMCr+uO2kwohwXQPxw/9OCxp05r5ghVBFSyioixx3gfkNQ==

asynckit@^0.4.0:
  version "0.4.0"
  resolved "https://npm.corp.kuaishou.com/asynckit/-/asynckit-0.4.0.tgz#c79ed97f7f34cb8f2ba1bc9790bcc366474b4b79"
  integrity sha512-Oei9OH4tRh0YqU3GxhX79dM/mwVgvbZJaSNaRk+bshkj0S5cfHcgYakreBjrHwatXKbz+IoIdYLxrKim2MjW0Q==

autosize@^4.0.2:
  version "4.0.4"
  resolved "https://npm.corp.kuaishou.com/autosize/-/autosize-4.0.4.tgz#924f13853a466b633b9309330833936d8bccce03"
  integrity sha1-kk8ThTpGa2M7kwkzCDOTbYvMzgM=

axios@^0.21.1:
  version "0.21.4"
  resolved "https://npm.corp.kuaishou.com/axios/-/axios-0.21.4.tgz#c67b90dc0568e5c1cf2b0b858c43ba28e2eda575"
  integrity sha512-ut5vewkiu8jjGBdqpM44XxjuCjq9LAKeHVmoVfHVzy8eHgxxq8SbAVQNovDA8mVi05kP0Ea/n/UzcSHcTJQfNg==
  dependencies:
    follow-redirects "^1.14.0"

balajs@^1.0.7:
  version "1.0.10"
  resolved "https://npm.corp.kuaishou.com/balajs/-/balajs-1.0.10.tgz#6420df1e24fc72af5b5e9589cafe12852556d04b"
  integrity sha1-ZCDfHiT8cq9bXpWJyv4ShSVW0Es=

balalaika@^1.0.1:
  version "1.0.1"
  resolved "https://npm.corp.kuaishou.com/balalaika/-/balalaika-1.0.1.tgz#0664147a257ea2ad4ae66451711e5266830d51d9"
  integrity sha1-BmQUeiV+oq1K5mRRcR5SZoMNUdk=

balanced-match@^1.0.0:
  version "1.0.2"
  resolved "https://npm.corp.kuaishou.com/balanced-match/-/balanced-match-1.0.2.tgz#e83e3a7e3f300b34cb9d87f615fa0cbf357690ee"
  integrity sha1-6D46fj8wCzTLnYf2FfoMvzV2kO4=

base64-arraybuffer@^0.1.5:
  version "0.1.5"
  resolved "https://npm.corp.kuaishou.com/base64-arraybuffer/-/base64-arraybuffer-0.1.5.tgz#73926771923b5a19747ad666aa5cd4bf9c6e9ce8"
  integrity sha1-c5JncZI7Whl0etZmqlzUv5xunOg=

binary-extensions@^2.0.0:
  version "2.2.0"
  resolved "https://npm.corp.kuaishou.com/binary-extensions/-/binary-extensions-2.2.0.tgz#75f502eeaf9ffde42fc98829645be4ea76bd9e2d"
  integrity sha512-jDctJ/IVQbZoJykoeHbhXpOlNBqGNcwXJKJog42E5HDPUwQTSdjCHdihjj0DlnheQ7blbT6dHOafNAiS8ooQKA==

blueimp-md5@^2.8.0:
  version "2.19.0"
  resolved "https://npm.corp.kuaishou.com/blueimp-md5/-/blueimp-md5-2.19.0.tgz#b53feea5498dcb53dc6ec4b823adb84b729c4af0"
  integrity sha512-DRQrD6gJyy8FbiE4s+bDoXS9hiW3Vbx5uCdwvcCf3zLHL+Iv7LtGHLpr+GZV8rHG8tK766FGYBwRbu8pELTt+w==

brace-expansion@^1.1.7:
  version "1.1.11"
  resolved "https://npm.corp.kuaishou.com/brace-expansion/-/brace-expansion-1.1.11.tgz#3c7fcbf529d87226f3d2f52b966ff5271eb441dd"
  integrity sha1-PH/L9SnYcibz0vUrlm/1Jx60Qd0=
  dependencies:
    balanced-match "^1.0.0"
    concat-map "0.0.1"

braces@~3.0.2:
  version "3.0.2"
  resolved "https://npm.corp.kuaishou.com/braces/-/braces-3.0.2.tgz#3454e1a462ee8d599e236df336cd9ea4f8afe107"
  integrity sha1-NFThpGLujVmeI23zNs2epPiv4Qc=
  dependencies:
    fill-range "^7.0.1"

bytebuffer@~5:
  version "5.0.1"
  resolved "https://npm.corp.kuaishou.com/bytebuffer/-/bytebuffer-5.0.1.tgz#582eea4b1a873b6d020a48d58df85f0bba6cfddd"
  integrity sha1-WC7qSxqHO20CCkjVjfhfC7ps/d0=
  dependencies:
    long "~3"

call-bind@^1.0.0:
  version "1.0.2"
  resolved "https://npm.corp.kuaishou.com/call-bind/-/call-bind-1.0.2.tgz#b1d4e89e688119c3c9a903ad30abb2f6a919be3c"
  integrity sha512-7O+FbCihrB5WGbFYesctwmTKae6rOiIzmz1icreWJ+0aA7LJfuqhEso2T9ncpcFtzMQtzXf2QGGueWJGTYsqrA==
  dependencies:
    function-bind "^1.1.1"
    get-intrinsic "^1.0.2"

camelcase@^2.0.1:
  version "2.1.1"
  resolved "https://npm.corp.kuaishou.com/camelcase/-/camelcase-2.1.1.tgz#7c1d16d679a1bbe59ca02cacecfb011e201f5a1f"
  integrity sha512-DLIsRzJVBQu72meAKPkWQOLcujdXT32hwdfnkI1frSiSRMK1MofjKHf+MEx0SB6fjEFXL8fBDv1dKymBlOp4Qw==

charenc@0.0.2:
  version "0.0.2"
  resolved "https://npm.corp.kuaishou.com/charenc/-/charenc-0.0.2.tgz#c0a1d2f3a7092e03774bfa83f14c0fc5790a8667"
  integrity sha1-wKHS86cJLgN3S/qD8UwPxXkKhmc=

"chokidar@>=3.0.0 <4.0.0":
  version "3.5.3"
  resolved "https://npm.corp.kuaishou.com/chokidar/-/chokidar-3.5.3.tgz#1cf37c8707b932bd1af1ae22c0432e2acd1903bd"
  integrity sha512-Dr3sfKRP6oTcjf2JmUmFJfeVMvXBdegxB0iVQ5eb2V10uFJUCAS8OByZdVAyVb8xXNz3GjjTgj9kLWsZTqE6kw==
  dependencies:
    anymatch "~3.1.2"
    braces "~3.0.2"
    glob-parent "~5.1.2"
    is-binary-path "~2.1.0"
    is-glob "~4.0.1"
    normalize-path "~3.0.0"
    readdirp "~3.6.0"
  optionalDependencies:
    fsevents "~2.3.2"

cliui@^3.0.3:
  version "3.2.0"
  resolved "https://npm.corp.kuaishou.com/cliui/-/cliui-3.2.0.tgz#120601537a916d29940f934da3b48d585a39213d"
  integrity sha1-EgYBU3qRbSmUD5NNo7SNWFo5IT0=
  dependencies:
    string-width "^1.0.1"
    strip-ansi "^3.0.1"
    wrap-ansi "^2.0.0"

code-point-at@^1.0.0:
  version "1.1.0"
  resolved "https://npm.corp.kuaishou.com/code-point-at/-/code-point-at-1.1.0.tgz#0d070b4d043a5bea33a2f1a40e2edb3d9a4ccf77"
  integrity sha1-DQcLTQQ6W+ozovGkDi7bPZpMz3c=

colour@~0.7.1:
  version "0.7.1"
  resolved "https://npm.corp.kuaishou.com/colour/-/colour-0.7.1.tgz#9cb169917ec5d12c0736d3e8685746df1cadf778"
  integrity sha1-nLFpkX7F0SwHNtPoaFdG3xyt93g=

combined-stream@^1.0.6, combined-stream@^1.0.8:
  version "1.0.8"
  resolved "https://npm.corp.kuaishou.com/combined-stream/-/combined-stream-1.0.8.tgz#c3d45a8b34fd730631a110a8a2520682b31d5a7f"
  integrity sha1-w9RaizT9cwYxoRCoolIGgrMdWn8=
  dependencies:
    delayed-stream "~1.0.0"

commander@^2.20.3:
  version "2.20.3"
  resolved "https://npm.corp.kuaishou.com/commander/-/commander-2.20.3.tgz#fd485e84c03eb4881c20722ba48035e8531aeb33"
  integrity sha512-GpVkmM8vF2vQUkj2LvZmD35JxeJOLCwJ9cUkugyk2nuhbv3+mJvpLYYt+0+USMxE+oj+ey/lJEnhZw75x/OMcQ==

comment-regex@^1.0.0:
  version "1.0.1"
  resolved "https://npm.corp.kuaishou.com/comment-regex/-/comment-regex-1.0.1.tgz#e070d2c4db33231955d0979d27c918fcb6f93565"
  integrity sha1-4HDSxNszIxlV0JedJ8kY/Lb5NWU=

component-emitter@^1.2.0, component-emitter@^1.3.0:
  version "1.3.0"
  resolved "https://npm.corp.kuaishou.com/component-emitter/-/component-emitter-1.3.0.tgz#16e4070fba8ae29b679f2215853ee181ab2eabc0"
  integrity sha512-Rd3se6QB+sO1TwqZjscQrurpEPIfO0/yYnSin6Q/rD3mOutHvUrCAhJub3r90uNb+SESBuE0QYoB90YdfatsRg==

concat-map@0.0.1:
  version "0.0.1"
  resolved "https://npm.corp.kuaishou.com/concat-map/-/concat-map-0.0.1.tgz#d8a96bd77fd68df7793a73036a3ba0d5405d477b"
  integrity sha512-/Srv4dswyQNBfohGpz9o6Yb3Gz3SrUDqBH5rTuhGR7ahtlbYKnVxw2bCFMRljaA7EXHaXZ8wsHdodFvbkhKmqg==

cookiejar@^2.1.0, cookiejar@^2.1.2:
  version "2.1.3"
  resolved "https://npm.corp.kuaishou.com/cookiejar/-/cookiejar-2.1.3.tgz#fc7a6216e408e74414b90230050842dacda75acc"
  integrity sha1-/HpiFuQI50QUuQIwBQhC2s2nWsw=

core-util-is@~1.0.0:
  version "1.0.3"
  resolved "https://npm.corp.kuaishou.com/core-util-is/-/core-util-is-1.0.3.tgz#a6042d3634c2b27e9328f837b965fac83808db85"
  integrity sha1-pgQtNjTCsn6TKPg3uWX6yDgI24U=

crypt@0.0.2:
  version "0.0.2"
  resolved "https://npm.corp.kuaishou.com/crypt/-/crypt-0.0.2.tgz#88d7ff7ec0dfb86f713dc87bbb42d044d3e6c41b"
  integrity sha1-iNf/fsDfuG9xPch7u0LQRNPmxBs=

cssfilter@0.0.10:
  version "0.0.10"
  resolved "https://npm.corp.kuaishou.com/cssfilter/-/cssfilter-0.0.10.tgz#c6d2672632a2e5c83e013e6864a42ce8defd20ae"
  integrity sha1-xtJnJjKi5cg+AT5oZKQs6N79IK4=

csstype@^3.1.0:
  version "3.1.1"
  resolved "https://npm.corp.kuaishou.com/csstype/-/csstype-3.1.1.tgz#841b532c45c758ee546a11d5bd7b7b473c8c30b9"
  integrity sha512-DJR/VvkAvSZW9bTouZue2sSxDwdTN92uHjqeKVm+0dAqdfNykRzQ95tay8aXMBAAPpUiq4Qcug2L7neoRh2Egw==

date-fns@^1.29.0:
  version "1.30.1"
  resolved "https://npm.corp.kuaishou.com/date-fns/-/date-fns-1.30.1.tgz#2e71bf0b119153dbb4cc4e88d9ea5acfb50dc05c"
  integrity sha512-hBSVCvSmWC+QypYObzwGOd9wqdDpOt+0wl0KbU+R+uuZBS1jN8VsD1ss3irQDknRj5NvxiTF6oj/nDRnN/UQNw==

debug@^3.1.0:
  version "3.2.7"
  resolved "https://npm.corp.kuaishou.com/debug/-/debug-3.2.7.tgz#72580b7e9145fb39b6676f9c5e5fb100b934179a"
  integrity sha1-clgLfpFF+zm2Z2+cXl+xALk0F5o=
  dependencies:
    ms "^2.1.1"

debug@^4.1.1:
  version "4.3.4"
  resolved "https://npm.corp.kuaishou.com/debug/-/debug-4.3.4.tgz#1319f6579357f2338d3337d2cdd4914bb5dcc865"
  integrity sha512-PRWFHuSU3eDtQJPvnNY7Jcket1j0t5OuOsFzPPzsekD52Zl8qUfFIPEiswXqIvHWGVHOgX+7G/vCNNhehwxfkQ==
  dependencies:
    ms "2.1.2"

decamelize@^1.1.1:
  version "1.2.0"
  resolved "https://npm.corp.kuaishou.com/decamelize/-/decamelize-1.2.0.tgz#f6534d15148269b20352e7bee26f501f9a191290"
  integrity sha512-z2S+W9X73hAUUki+N+9Za2lBlun89zigOyGrsax+KUQ6wKW4ZoWpEYBkGhQjwAjjDCkWxhY0VKEhk8wzY7F5cA==

delayed-stream@~1.0.0:
  version "1.0.0"
  resolved "https://npm.corp.kuaishou.com/delayed-stream/-/delayed-stream-1.0.0.tgz#df3ae199acadfb7d440aaae0b29e2272b24ec619"
  integrity sha1-3zrhmayt+31ECqrgsp4icrJOxhk=

element-closest@^3.0.2:
  version "3.0.2"
  resolved "https://npm.corp.kuaishou.com/element-closest/-/element-closest-3.0.2.tgz#3814a69a84f30e48e63eaf57341f4dbf4227d2aa"
  integrity sha1-OBSmmoTzDkjmPq9XNB9Nv0In0qo=

es6-promise@4.2.3:
  version "4.2.3"
  resolved "https://npm.corp.kuaishou.com/es6-promise/-/es6-promise-4.2.3.tgz#29454b8db21b73fbef1df070c35dc09b7fd606c4"
  integrity sha1-KUVLjbIbc/vvHfBww13Am3/WBsQ=

event-target-shim@^5.0.1:
  version "5.0.1"
  resolved "https://npm.corp.kuaishou.com/event-target-shim/-/event-target-shim-5.0.1.tgz#5d4d3ebdf9583d63a5333ce2deb7480ab2b05789"
  integrity sha512-i/2XbnSz/uxRCU6+NdVJgKWDTM427+MqYbkQzD321DuCQJUqOuJKIA0IM2+W2xtYHdKOmZ4dR6fExsd4SXL+WQ==

eventemitter3@^2.0.3:
  version "2.0.3"
  resolved "https://npm.corp.kuaishou.com/eventemitter3/-/eventemitter3-2.0.3.tgz#b5e1079b59fb5e1ba2771c0a993be060a58c99ba"
  integrity sha512-jLN68Dx5kyFHaePoXWPsCGW5qdyZQtLYHkxkg02/Mz6g0kYpDx4FyP6XfArhQdlOC4b8Mv+EMxPo/8La7Tzghg==

eventemitter3@^3.0.0:
  version "3.1.2"
  resolved "https://npm.corp.kuaishou.com/eventemitter3/-/eventemitter3-3.1.2.tgz#2d3d48f9c346698fce83a85d7d664e98535df6e7"
  integrity sha512-tvtQIeLVHjDkJYnzf2dgVMxfuSGJeM/7UCG17TT4EumTfNtF+0nebF/4zWOIkCreAbtNqhGEboB6BWrwqNaw4Q==

extend@^3.0.0:
  version "3.0.2"
  resolved "https://npm.corp.kuaishou.com/extend/-/extend-3.0.2.tgz#f8b1136b4071fbd8eb140aff858b1019ec2915fa"
  integrity sha1-+LETa0Bx+9jrFAr/hYsQGewpFfo=

fast-safe-stringify@^2.0.7:
  version "2.1.1"
  resolved "https://npm.corp.kuaishou.com/fast-safe-stringify/-/fast-safe-stringify-2.1.1.tgz#c406a83b6e70d9e35ce3b30a81141df30aeba884"
  integrity sha512-W+KJc2dmILlPplD/H4K9l9LcAHAfPtP6BY84uVLXQ6Evcz9Lcg33Y2z1IVblT6xdY54PXYVHEv+0Wpq8Io6zkA==

fill-range@^7.0.1:
  version "7.0.1"
  resolved "https://npm.corp.kuaishou.com/fill-range/-/fill-range-7.0.1.tgz#1919a6a7c75fe38b2c7c77e5198535da9acdda40"
  integrity sha1-GRmmp8df44ssfHflGYU12prN2kA=
  dependencies:
    to-regex-range "^5.0.1"

follow-redirects@^1.14.0:
  version "1.15.2"
  resolved "https://npm.corp.kuaishou.com/follow-redirects/-/follow-redirects-1.15.2.tgz#b460864144ba63f2681096f274c4e57026da2c13"
  integrity sha512-VQLG33o04KaQ8uYi2tVNbdrWp1QWxNNea+nmIB4EVM28v0hmP17z7aG1+wAkNzVq4KeXTq3221ye5qTJP91JwA==

form-data@^2.3.1:
  version "2.5.1"
  resolved "https://npm.corp.kuaishou.com/form-data/-/form-data-2.5.1.tgz#f2cbec57b5e59e23716e128fe44d4e5dd23895f4"
  integrity sha512-m21N3WOmEEURgk6B9GLOE4RuWOFf28Lhh9qGYeNlGq4VDXUlJy2th2slBNU8Gp8EzloYZOibZJ7t5ecIrFSjVA==
  dependencies:
    asynckit "^0.4.0"
    combined-stream "^1.0.6"
    mime-types "^2.1.12"

form-data@^3.0.0:
  version "3.0.1"
  resolved "https://npm.corp.kuaishou.com/form-data/-/form-data-3.0.1.tgz#ebd53791b78356a99af9a300d4282c4d5eb9755f"
  integrity sha512-RHkBKtLWUVwd7SqRIvCZMEvAMoGUp0XU+seQiZejj0COz3RI3hWP4sCv3gZWWLjJTd7rGwcsF5eKZGii0r/hbg==
  dependencies:
    asynckit "^0.4.0"
    combined-stream "^1.0.8"
    mime-types "^2.1.12"

formidable@^1.2.0, formidable@^1.2.2:
  version "1.2.6"
  resolved "https://npm.corp.kuaishou.com/formidable/-/formidable-1.2.6.tgz#d2a51d60162bbc9b4a055d8457a7c75315d1a168"
  integrity sha1-0qUdYBYrvJtKBV2EV6fHUxXRoWg=

fs.realpath@^1.0.0:
  version "1.0.0"
  resolved "https://npm.corp.kuaishou.com/fs.realpath/-/fs.realpath-1.0.0.tgz#1504ad2523158caa40db4a2787cb01411994ea4f"
  integrity sha1-FQStJSMVjKpA20onh8sBQRmU6k8=

fsevents@~2.3.2:
  version "2.3.2"
  resolved "https://npm.corp.kuaishou.com/fsevents/-/fsevents-2.3.2.tgz#8a526f78b8fdf4623b709e0b975c52c24c02fd1a"
  integrity sha512-xiqMQR4xAeHTuB9uWm+fFRcIOgKBMiOBP+eXiyT7jsgVCq1bkVygt00oASowB7EdtpOHaaPgKt812P9ab+DDKA==

function-bind@^1.1.1:
  version "1.1.1"
  resolved "https://npm.corp.kuaishou.com/function-bind/-/function-bind-1.1.1.tgz#a56899d3ea3c9bab874bb9773b7c5ede92f4895d"
  integrity sha512-yIovAzMX49sF8Yl58fSCWJ5svSLuaibPxXQJFLmBObTuCr0Mf1KiPopGM9NiFjiYBCbfaa2Fh6breQ6ANVTI0A==

get-intrinsic@^1.0.2:
  version "1.1.3"
  resolved "https://npm.corp.kuaishou.com/get-intrinsic/-/get-intrinsic-1.1.3.tgz#063c84329ad93e83893c7f4f243ef63ffa351385"
  integrity sha512-QJVz1Tj7MS099PevUG5jvnt9tSkXN8K14dxQlikJuPt4uD9hHAHjLyLBiLR5zELelBdD9QNRAXZzsJx0WaDL9A==
  dependencies:
    function-bind "^1.1.1"
    has "^1.0.3"
    has-symbols "^1.0.3"

github-markdown-css@^3.0.1:
  version "3.0.1"
  resolved "https://npm.corp.kuaishou.com/github-markdown-css/-/github-markdown-css-3.0.1.tgz#d08db1060d2e182025e0d07d547cfe2afed30205"
  integrity sha1-0I2xBg0uGCAl4NB9VHz+Kv7TAgU=

glob-parent@~5.1.2:
  version "5.1.2"
  resolved "https://npm.corp.kuaishou.com/glob-parent/-/glob-parent-5.1.2.tgz#869832c58034fe68a4093c17dc15e8340d8401c4"
  integrity sha512-AOIgSQCepiJYwP3ARnGx+5VnTu2HBYdzbGP45eLw1vr3zB3vZLeyed1sC9hnbcOc9/SrMyM5RPQrkGz4aS9Zow==
  dependencies:
    is-glob "^4.0.1"

glob@^7.0.5:
  version "7.2.3"
  resolved "https://npm.corp.kuaishou.com/glob/-/glob-7.2.3.tgz#b8df0fb802bbfa8e89bd1d938b4e16578ed44f2b"
  integrity sha512-nFR0zLpU2YCaRxwoCJvL6UvCH2JFyFVIvwTLsIf21AuHlMskA1hhTdk+LlYJtOlYt9v6dvszD2BGRqBL+iQK9Q==
  dependencies:
    fs.realpath "^1.0.0"
    inflight "^1.0.4"
    inherits "2"
    minimatch "^3.1.1"
    once "^1.3.0"
    path-is-absolute "^1.0.0"

hanabi@^0.4.0:
  version "0.4.0"
  resolved "https://npm.corp.kuaishou.com/hanabi/-/hanabi-0.4.0.tgz#ebbb251358c1337db1eabda686c43ff777d30d82"
  integrity sha512-ixJH94fwmmVzUSdxl7TMkVZJmsq4d2JKrxedpM5V1V+91iVHL0q6NnJi4xiDahK6Vo00xT17H8H6b4F6RVbsOg==
  dependencies:
    comment-regex "^1.0.0"

has-symbols@^1.0.3:
  version "1.0.3"
  resolved "https://npm.corp.kuaishou.com/has-symbols/-/has-symbols-1.0.3.tgz#bb7b2c4349251dce87b125f7bdf874aa7c8b39f8"
  integrity sha512-l3LCuF6MgDNwTDKkdYGEihYjt5pRPbEg46rtlmnSPlUbgmB8LOIrKJbYYFBSbnPaJexMKtiPO8hmeRjRz2Td+A==

has@^1.0.3:
  version "1.0.3"
  resolved "https://npm.corp.kuaishou.com/has/-/has-1.0.3.tgz#722d7cbfc1f6aa8241f16dd814e011e1f41e8796"
  integrity sha512-f2dvO0VU6Oej7RkWJGrehjbzMAjFp5/VKPp5tTpWIV4JHHZK1/BxbFRtf/siA2SWTe09caDmVtYYzWEIbBS4zw==
  dependencies:
    function-bind "^1.1.1"

he@0.5.0:
  version "0.5.0"
  resolved "https://npm.corp.kuaishou.com/he/-/he-0.5.0.tgz#2c05ffaef90b68e860f3fd2b54ef580989277ee2"
  integrity sha1-LAX/rvkLaOhg8/0rVO9YCYknfuI=

immutable@^4.0.0:
  version "4.1.0"
  resolved "https://npm.corp.kuaishou.com/immutable/-/immutable-4.1.0.tgz#f795787f0db780183307b9eb2091fcac1f6fafef"
  integrity sha512-oNkuqVTA8jqG1Q6c+UglTOD1xhC1BtjKI7XkCXRkZHrN5m18/XsnUp8Q89GkQO/z+0WjonSvl0FLhDYftp46nQ==

inflight@^1.0.4:
  version "1.0.6"
  resolved "https://npm.corp.kuaishou.com/inflight/-/inflight-1.0.6.tgz#49bd6331d7d02d0c09bc910a1075ba8165b56df9"
  integrity sha512-k92I/b08q4wvFscXCLvqfsHCrjrF7yiXsQuIVvVE7N82W3+aqpzuUdBbfhWcy/FZR3/4IgflMgKLOsvPDrGCJA==
  dependencies:
    once "^1.3.0"
    wrappy "1"

inherits@2, inherits@^2.0.3, inherits@~2.0.3:
  version "2.0.4"
  resolved "https://npm.corp.kuaishou.com/inherits/-/inherits-2.0.4.tgz#0fa2c64f932917c3433a0ded55363aae37416b7c"
  integrity sha1-D6LGT5MpF8NDOg3tVTY6rjdBa3w=

insane@^2.6.2:
  version "2.6.2"
  resolved "https://npm.corp.kuaishou.com/insane/-/insane-2.6.2.tgz#c2ab68bb3e006ab451560d1b446917329c0a8120"
  integrity sha1-wqtouz4AarRRVg0bRGkXMpwKgSA=
  dependencies:
    assignment "2.0.0"
    he "0.5.0"

invert-kv@^1.0.0:
  version "1.0.0"
  resolved "https://npm.corp.kuaishou.com/invert-kv/-/invert-kv-1.0.0.tgz#104a8e4aaca6d3d8cd157a8ef8bfab2d7a3ffdb6"
  integrity sha512-xgs2NH9AE66ucSq4cNG1nhSFghr5l6tdL15Pk+jl46bmmBapgoaY/AacXyaDznAqmGL99TiLSQgO/XazFSKYeQ==

is-binary-path@~2.1.0:
  version "2.1.0"
  resolved "https://npm.corp.kuaishou.com/is-binary-path/-/is-binary-path-2.1.0.tgz#ea1f7f3b80f064236e83470f86c09c254fb45b09"
  integrity sha1-6h9/O4DwZCNug0cPhsCcJU+0Wwk=
  dependencies:
    binary-extensions "^2.0.0"

is-buffer@~1.1.6:
  version "1.1.6"
  resolved "https://npm.corp.kuaishou.com/is-buffer/-/is-buffer-1.1.6.tgz#efaa2ea9daa0d7ab2ea13a97b2b8ad51fefbe8be"
  integrity sha512-NcdALwpXkTm5Zvvbk7owOUSvVvBKDgKP5/ewfXEznmQFfs4ZRmanOeKBTjRVjka3QFoN6XJ+9F3USqfHqTaU5w==

is-extglob@^2.1.1:
  version "2.1.1"
  resolved "https://npm.corp.kuaishou.com/is-extglob/-/is-extglob-2.1.1.tgz#a88c02535791f02ed37c76a1b9ea9773c833f8c2"
  integrity sha1-qIwCU1eR8C7TfHahueqXc8gz+MI=

is-fullwidth-code-point@^1.0.0:
  version "1.0.0"
  resolved "https://npm.corp.kuaishou.com/is-fullwidth-code-point/-/is-fullwidth-code-point-1.0.0.tgz#ef9e31386f031a7f0d643af82fde50c457ef00cb"
  integrity sha512-1pqUqRjkhPJ9miNq9SwMfdvi6lBJcd6eFxvfaivQhaH3SgisfiuudvFntdKOmxuee/77l+FPjKrQjWvmPjWrRw==
  dependencies:
    number-is-nan "^1.0.0"

is-glob@^4.0.1, is-glob@~4.0.1:
  version "4.0.3"
  resolved "https://npm.corp.kuaishou.com/is-glob/-/is-glob-4.0.3.tgz#64f61e42cbbb2eec2071a9dac0b28ba1e65d5084"
  integrity sha512-xelSayHH36ZgE7ZWhli7pW34hNbNl8Ojv5KVmkJD4hBdD3th8Tfk9vYasLM+mXWOZhFkgZfxhLSnrwRr4elSSg==
  dependencies:
    is-extglob "^2.1.1"

is-number@^7.0.0:
  version "7.0.0"
  resolved "https://npm.corp.kuaishou.com/is-number/-/is-number-7.0.0.tgz#7535345b896734d5f80c4d06c50955527a14f12b"
  integrity sha1-dTU0W4lnNNX4DE0GxQlVUnoU8Ss=

isarray@~1.0.0:
  version "1.0.0"
  resolved "https://npm.corp.kuaishou.com/isarray/-/isarray-1.0.0.tgz#bb935d48582cba168c06834957a54a3e07124f11"
  integrity sha512-VLghIWNM6ELQzo7zwmcg0NmTVyWKYjvIeM83yjp0wRDTmUnrM678fQbcKBo6n2CJEF0szoG//ytg+TKla89ALQ==

javascript-state-machine@^2.3.5:
  version "2.4.0"
  resolved "https://npm.corp.kuaishou.com/javascript-state-machine/-/javascript-state-machine-2.4.0.tgz#d8be31ec38f24ac1a1832f0b672fc3cd5f79c96e"
  integrity sha1-2L4x7DjySsGhgy8LZy/DzV95yW4=

lcid@^1.0.0:
  version "1.0.0"
  resolved "https://npm.corp.kuaishou.com/lcid/-/lcid-1.0.0.tgz#308accafa0bc483a3867b4b6f2b9506251d1b835"
  integrity sha1-MIrMr6C8SDo4Z7S28rlQYlHRuDU=
  dependencies:
    invert-kv "^1.0.0"

leancloud-realtime-plugin-live-query@^1.2.0:
  version "1.2.0"
  resolved "https://npm.corp.kuaishou.com/leancloud-realtime-plugin-live-query/-/leancloud-realtime-plugin-live-query-1.2.0.tgz#1e07da1b5b99e44cddbc3b052234422f278c4ab9"
  integrity sha1-HgfaG1uZ5EzdvDsFIjRCLyeMSrk=

leancloud-realtime@^5.0.0-alpha.3:
  version "5.0.0-rc.7"
  resolved "https://npm.corp.kuaishou.com/leancloud-realtime/-/leancloud-realtime-5.0.0-rc.7.tgz#ef314fdf598a0a32a3eed9453cc2ca31cfa79781"
  integrity sha1-7zFP31mKCjKj7tlFPMLKMc+nl4E=
  dependencies:
    "@babel/runtime" "^7.10.2"
    "@leancloud/adapter-types" "^3.0.0"
    "@leancloud/platform-adapters-browser" "^1.1.0"
    "@leancloud/platform-adapters-node" "^1.1.0"
    "@leancloud/platform-adapters-weapp" "^1.2.0"
    base64-arraybuffer "^0.1.5"
    debug "^3.1.0"
    eventemitter3 "^3.0.0"
    javascript-state-machine "^2.3.5"
    lodash "^4.17.10"
    promise-timeout "^1.3.0"
    protobufjs "^5.0.1"
    uuid "^3.0.0"

leancloud-storage@^3.0.4:
  version "3.15.0"
  resolved "https://npm.corp.kuaishou.com/leancloud-storage/-/leancloud-storage-3.15.0.tgz#6d3b010a313189985bb69ab08c75c7ad74bd1788"
  integrity sha1-bTsBCjExiZhbtpqwjHXHrXS9F4g=
  dependencies:
    debug "^3.1.0"
    es6-promise "4.2.3"
    eventemitter3 "^2.0.3"
    leancloud-realtime "^5.0.0-alpha.3"
    leancloud-realtime-plugin-live-query "^1.2.0"
    localstorage-memory "^1.0.1"
    md5 "^2.0.0"
    superagent "^3.3.1"
    underscore "^1.8.3"
    uuid "^3.3.2"

localstorage-memory@^1.0.1, localstorage-memory@^1.0.2:
  version "1.0.3"
  resolved "https://npm.corp.kuaishou.com/localstorage-memory/-/localstorage-memory-1.0.3.tgz#566b37968fe0c4d76ba36a6da564fa613945ca72"
  integrity sha1-Vms3lo/gxNdro2ptpWT6YTlFynI=

lodash@^4.17.10:
  version "4.17.21"
  resolved "https://npm.corp.kuaishou.com/lodash/-/lodash-4.17.21.tgz#679591c564c3bffaae8454cf0b3df370c3d6911c"
  integrity sha1-Z5WRxWTDv/quhFTPCz3zcMPWkRw=

long@~3:
  version "3.2.0"
  resolved "https://npm.corp.kuaishou.com/long/-/long-3.2.0.tgz#d821b7138ca1cb581c172990ef14db200b5c474b"
  integrity sha1-2CG3E4yhy1gcFymQ7xTbIAtcR0s=

lru-cache@^6.0.0:
  version "6.0.0"
  resolved "https://npm.corp.kuaishou.com/lru-cache/-/lru-cache-6.0.0.tgz#6d6fe6570ebd96aaf90fcad1dafa3b2566db3a94"
  integrity sha512-Jo6dJ04CmSjuznwJSS3pUeWmd/H0ffTlkXXgwZi+eq1UCmqQwCh+eLsYOYCwY991i2Fah4h1BEMCx4qThGbsiA==
  dependencies:
    yallist "^4.0.0"

marked@^4.0.8:
  version "4.2.2"
  resolved "https://npm.corp.kuaishou.com/marked/-/marked-4.2.2.tgz#1d2075ad6cdfe42e651ac221c32d949a26c0672a"
  integrity sha512-JjBTFTAvuTgANXx82a5vzK9JLSMoV6V3LBVn4Uhdso6t7vXrGx7g1Cd2r6NYSsxrYbQGFCMqBDhFHyK5q2UvcQ==

md5@^2.0.0:
  version "2.3.0"
  resolved "https://npm.corp.kuaishou.com/md5/-/md5-2.3.0.tgz#c3da9a6aae3a30b46b7b0c349b87b110dc3bda4f"
  integrity sha1-w9qaaq46MLRreww0m4exENw72k8=
  dependencies:
    charenc "0.0.2"
    crypt "0.0.2"
    is-buffer "~1.1.6"

methods@^1.1.1, methods@^1.1.2:
  version "1.1.2"
  resolved "https://npm.corp.kuaishou.com/methods/-/methods-1.1.2.tgz#5529a4d67654134edcc5266656835b0f851afcee"
  integrity sha1-VSmk1nZUE07cxSZmVoNbD4Ua/O4=

mime-db@1.52.0:
  version "1.52.0"
  resolved "https://npm.corp.kuaishou.com/mime-db/-/mime-db-1.52.0.tgz#bbabcdc02859f4987301c856e3387ce5ec43bf70"
  integrity sha512-sPU4uV7dYlvtWJxwwxHD0PuihVNiE7TyAbQ5SWxDCB9mUYvOgroQOwYQQOKPJ8CIbE+1ETVlOoK1UC2nU3gYvg==

mime-types@^2.1.12:
  version "2.1.35"
  resolved "https://npm.corp.kuaishou.com/mime-types/-/mime-types-2.1.35.tgz#381a871b62a734450660ae3deee44813f70d959a"
  integrity sha512-ZDY+bPm5zTTF+YpCrAU9nK0UgICYPT0QtT1NZWFv4s++TNkcgVaT0g6+4R2uI4MjQjzysHB1zxuWL50hzaeXiw==
  dependencies:
    mime-db "1.52.0"

mime@^1.4.1:
  version "1.6.0"
  resolved "https://npm.corp.kuaishou.com/mime/-/mime-1.6.0.tgz#32cd9e5c64553bd58d19a568af452acff04981b1"
  integrity sha1-Ms2eXGRVO9WNGaVor0Uqz/BJgbE=

mime@^2.4.6:
  version "2.6.0"
  resolved "https://npm.corp.kuaishou.com/mime/-/mime-2.6.0.tgz#a2a682a95cd4d0cb1d6257e28f83da7e35800367"
  integrity sha1-oqaCqVzU0MsdYlfij4PafjWAA2c=

minimatch@^3.1.1:
  version "3.1.2"
  resolved "https://npm.corp.kuaishou.com/minimatch/-/minimatch-3.1.2.tgz#19cd194bfd3e428f049a70817c038d89ab4be35b"
  integrity sha512-J7p63hRiAjw1NDEww1W7i37+ByIrOWO5XQQAzZ3VOcL0PNybwpfmV/N05zFAzwQ9USyEcX6t3UO+K5aqBQOIHw==
  dependencies:
    brace-expansion "^1.1.7"

miniprogram-api-typings@^2.10.2:
  version "2.12.0"
  resolved "https://npm.corp.kuaishou.com/miniprogram-api-typings/-/miniprogram-api-typings-2.12.0.tgz#7a29c90f3e5efa36588422d1f01e22d3394aaaa1"
  integrity sha1-einJDz5e+jZYhCLR8B4i0zlKqqE=

ms@2.1.2:
  version "2.1.2"
  resolved "https://npm.corp.kuaishou.com/ms/-/ms-2.1.2.tgz#d09d1f357b443f493382a8eb3ccd183872ae6009"
  integrity sha512-sGkPx+VjMtmA6MX27oA4FBFELFCZZ4S4XqeGOXCv68tT+jb3vk/RyaKWP0PTKyWtmLSM0b+adUTEvbs1PEaH2w==

ms@^2.1.1:
  version "2.1.3"
  resolved "https://npm.corp.kuaishou.com/ms/-/ms-2.1.3.tgz#574c8138ce1d2b5861f0b44579dbadd60c6615b2"
  integrity sha512-6FlzubTLZG3J2a/NVCAleEhjzq5oxgHyaCU9yYXvcLsvoVaHJq/s5xXI6/XXP6tz7R9xAOtHnSO/tXtF3WRTlA==

nanoid@^3.3.4:
  version "3.3.4"
  resolved "https://npm.corp.kuaishou.com/nanoid/-/nanoid-3.3.4.tgz#730b67e3cd09e2deacf03c027c81c9d9dbc5e8ab"
  integrity sha512-MqBkQh/OHTS2egovRtLk45wEyNXwF+cokD+1YPf9u5VfJiRdAiRwB2froX5Co9Rh20xs4siNPm8naNotSD6RBw==

normalize-path@^3.0.0, normalize-path@~3.0.0:
  version "3.0.0"
  resolved "https://npm.corp.kuaishou.com/normalize-path/-/normalize-path-3.0.0.tgz#0dcd69ff23a1c9b11fd0978316644a0388216a65"
  integrity sha512-6eZs5Ls3WtCisHWp9S2GUy8dqkpGi4BVSz3GaqiE6ezub0512ESztXUwUB6C6IKbQkY2Pnb/mD4WYojCRwcwLA==

number-is-nan@^1.0.0:
  version "1.0.1"
  resolved "https://npm.corp.kuaishou.com/number-is-nan/-/number-is-nan-1.0.1.tgz#097b602b53422a522c1afb8790318336941a011d"
  integrity sha512-4jbtZXNAsfZbAHiiqjLPBiCl16dES1zI4Hpzzxw61Tk+loF+sBDBKx1ICKKKwIqQ7M0mFn1TmkN7euSncWgHiQ==

object-inspect@^1.9.0:
  version "1.12.2"
  resolved "https://npm.corp.kuaishou.com/object-inspect/-/object-inspect-1.12.2.tgz#c0641f26394532f28ab8d796ab954e43c009a8ea"
  integrity sha512-z+cPxW0QGUp0mcqcsgQyLVRDoXFQbXOwBaqyF7VIgI4TWNQsDHrBpUQslRmIfAoYWdYzs6UlKJtB2XJpTaNSpQ==

once@^1.3.0:
  version "1.4.0"
  resolved "https://npm.corp.kuaishou.com/once/-/once-1.4.0.tgz#583b1aa775961d4b113ac17d9c50baef9dd76bd1"
  integrity sha512-lNaJgI+2Q5URQBkccEKHTQOPaXdUxnZZElQTZY0MFUAuaEqe1E+Nyvgdz/aIyNi6Z9MzO5dv1H8n58/GELp3+w==
  dependencies:
    wrappy "1"

optjs@~3.2.2:
  version "3.2.2"
  resolved "https://npm.corp.kuaishou.com/optjs/-/optjs-3.2.2.tgz#69a6ce89c442a44403141ad2f9b370bd5bb6f4ee"
  integrity sha1-aabOicRCpEQDFBrS+bNwvVu29O4=

os-locale@^1.4.0:
  version "1.4.0"
  resolved "https://npm.corp.kuaishou.com/os-locale/-/os-locale-1.4.0.tgz#20f9f17ae29ed345e8bde583b13d2009803c14d9"
  integrity sha1-IPnxeuKe00XoveWDsT0gCYA8FNk=
  dependencies:
    lcid "^1.0.0"

path-is-absolute@^1.0.0:
  version "1.0.1"
  resolved "https://npm.corp.kuaishou.com/path-is-absolute/-/path-is-absolute-1.0.1.tgz#174b9268735534ffbc7ace6bf53a5a9e1b5c5f5f"
  integrity sha512-AVbw3UJ2e9bq64vSaS9Am0fje1Pa8pbGqTTsmXfaIiMpnr5DlDhfJOuLj9Sf95ZPVDAUerDfEk88MPmPe7UCQg==

picocolors@^1.0.0:
  version "1.0.0"
  resolved "https://npm.corp.kuaishou.com/picocolors/-/picocolors-1.0.0.tgz#cb5bdc74ff3f51892236eaf79d68bc44564ab81c"
  integrity sha1-y1vcdP8/UYkiNur3nWi8RFZKuBw=

picomatch@^2.0.4, picomatch@^2.2.1:
  version "2.3.1"
  resolved "https://npm.corp.kuaishou.com/picomatch/-/picomatch-2.3.1.tgz#3ba3833733646d9d3e4995946c1365a67fb07a42"
  integrity sha512-JU3teHTNjmE2VCGFzuY8EXzCDVwEqB2a8fsIvwaStHhAWJEeVd1o1QD80CU6+ZdEXXSLbSsuLwJjkCBWqRQUVA==

postcss@^8.4.14:
  version "8.4.18"
  resolved "https://npm.corp.kuaishou.com/postcss/-/postcss-8.4.18.tgz#6d50046ea7d3d66a85e0e782074e7203bc7fbca2"
  integrity sha512-Wi8mWhncLJm11GATDaQKobXSNEYGUHeQLiQqDFG1qQ5UTDPTEvKw0Xt5NsTpktGTwLps3ByrWsBrG0rB8YQ9oA==
  dependencies:
    nanoid "^3.3.4"
    picocolors "^1.0.0"
    source-map-js "^1.0.2"

process-nextick-args@~2.0.0:
  version "2.0.1"
  resolved "https://npm.corp.kuaishou.com/process-nextick-args/-/process-nextick-args-2.0.1.tgz#7820d9b16120cc55ca9ae7792680ae7dba6d7fe2"
  integrity sha512-3ouUOpQhtgrbOa17J7+uxOTpITYWaGP7/AhoR3+A+/1e9skrzelGi/dXzEYyvbxubEF6Wn2ypscTKiKJFFn1ag==

promise-timeout@^1.3.0:
  version "1.3.0"
  resolved "https://npm.corp.kuaishou.com/promise-timeout/-/promise-timeout-1.3.0.tgz#d1c78dd50a607d5f0a5207410252a3a0914e1014"
  integrity sha1-0ceN1QpgfV8KUgdBAlKjoJFOEBQ=

protobufjs@^5.0.1:
  version "5.0.3"
  resolved "https://npm.corp.kuaishou.com/protobufjs/-/protobufjs-5.0.3.tgz#e4dfe9fb67c90b2630d15868249bcc4961467a17"
  integrity sha1-5N/p+2fJCyYw0VhoJJvMSWFGehc=
  dependencies:
    ascli "~1"
    bytebuffer "~5"
    glob "^7.0.5"
    yargs "^3.10.0"

qs@^6.5.1, qs@^6.6.0, qs@^6.9.4:
  version "6.11.0"
  resolved "https://npm.corp.kuaishou.com/qs/-/qs-6.11.0.tgz#fd0d963446f7a65e1367e01abd85429453f0c37a"
  integrity sha512-MvjoMCJwEarSbUYk5O+nmoSzSutSsTwF85zcHPQ9OrlFoZOYIjaqBAJIqIXjptyD5vThxGq52Xu/MaJzRkIk4Q==
  dependencies:
    side-channel "^1.0.4"

readable-stream@^2.3.5:
  version "2.3.7"
  resolved "https://npm.corp.kuaishou.com/readable-stream/-/readable-stream-2.3.7.tgz#1eca1cf711aef814c04f62252a36a62f6cb23b57"
  integrity sha512-Ebho8K4jIbHAxnuxi7o42OrZgF/ZTNcsZj6nRKyUmkhLFq8CHItp/fy6hQZuZmP/n3yZ9VBUbp4zz/mX8hmYPw==
  dependencies:
    core-util-is "~1.0.0"
    inherits "~2.0.3"
    isarray "~1.0.0"
    process-nextick-args "~2.0.0"
    safe-buffer "~5.1.1"
    string_decoder "~1.1.1"
    util-deprecate "~1.0.1"

readable-stream@^3.6.0:
  version "3.6.0"
  resolved "https://npm.corp.kuaishou.com/readable-stream/-/readable-stream-3.6.0.tgz#337bbda3adc0706bd3e024426a286d4b4b2c9198"
  integrity sha512-BViHy7LKeTz4oNnkcLJ+lVSL6vpiFeX6/d3oSH8zCW7UxP2onchk+vTGB143xuFjHS3deTgkKoXXymXqymiIdA==
  dependencies:
    inherits "^2.0.3"
    string_decoder "^1.1.1"
    util-deprecate "^1.0.1"

readdirp@~3.6.0:
  version "3.6.0"
  resolved "https://npm.corp.kuaishou.com/readdirp/-/readdirp-3.6.0.tgz#74a370bd857116e245b29cc97340cd431a02a6c7"
  integrity sha1-dKNwvYVxFuJFspzJc0DNQxoCpsc=
  dependencies:
    picomatch "^2.2.1"

regenerator-runtime@^0.13.10:
  version "0.13.10"
  resolved "https://npm.corp.kuaishou.com/regenerator-runtime/-/regenerator-runtime-0.13.10.tgz#ed07b19616bcbec5da6274ebc75ae95634bfc2ee"
  integrity sha512-KepLsg4dU12hryUO7bp/axHAKvwGOCV0sGloQtpagJ12ai+ojVDqkeGSiRX1zlq+kjIMZ1t7gpze+26QqtdGqw==

safe-buffer@~5.1.0, safe-buffer@~5.1.1:
  version "5.1.2"
  resolved "https://npm.corp.kuaishou.com/safe-buffer/-/safe-buffer-5.1.2.tgz#991ec69d296e0313747d59bdfd2b745c35f8828d"
  integrity sha1-mR7GnSluAxN0fVm9/St0XDX4go0=

safe-buffer@~5.2.0:
  version "5.2.1"
  resolved "https://npm.corp.kuaishou.com/safe-buffer/-/safe-buffer-5.2.1.tgz#1eaf9fa9bdb1fdd4ec75f58f9cdb4e6b7827eec6"
  integrity sha1-Hq+fqb2x/dTsdfWPnNtOa3gn7sY=

sass@^1.49.9:
  version "1.56.0"
  resolved "https://npm.corp.kuaishou.com/sass/-/sass-1.56.0.tgz#134032075a3223c8d49cb5c35e091e5ba1de8e0a"
  integrity sha512-WFJ9XrpkcnqZcYuLRJh5qiV6ibQOR4AezleeEjTjMsCocYW59dEG19U3fwTTXxzi2Ed3yjPBp727hbbj53pHFw==
  dependencies:
    chokidar ">=3.0.0 <4.0.0"
    immutable "^4.0.0"
    source-map-js ">=0.6.2 <2.0.0"

semver@^7.3.2:
  version "7.3.8"
  resolved "https://npm.corp.kuaishou.com/semver/-/semver-7.3.8.tgz#07a78feafb3f7b32347d725e33de7e2a2df67798"
  integrity sha512-NB1ctGL5rlHrPJtFDVIVzTyQylMLu9N9VICA6HSFJo8MCGVTMW6gfpicwKmmK/dAjTOrqu5l63JJOpDSrAis3A==
  dependencies:
    lru-cache "^6.0.0"

side-channel@^1.0.4:
  version "1.0.4"
  resolved "https://npm.corp.kuaishou.com/side-channel/-/side-channel-1.0.4.tgz#efce5c8fdc104ee751b25c58d4290011fa5ea2cf"
  integrity sha512-q5XPytqFEIKHkGdiMIrY10mvLRvnQh42/+GoBlFW3b2LXLE2xxJpZFdm94we0BaoV3RwJyGqg5wS7epxTv0Zvw==
  dependencies:
    call-bind "^1.0.0"
    get-intrinsic "^1.0.2"
    object-inspect "^1.9.0"

"source-map-js@>=0.6.2 <2.0.0", source-map-js@^1.0.2:
  version "1.0.2"
  resolved "https://npm.corp.kuaishou.com/source-map-js/-/source-map-js-1.0.2.tgz#adbc361d9c62df380125e7f161f71c826f1e490c"
  integrity sha512-R0XvVJ9WusLiqTCEiGCmICCMplcCkIwwR11mOSD9CR5u+IXYdiseeEuXCVAjS54zqwkLcPNnmU4OeJ6tUrWhDw==

source-map@^0.6.1:
  version "0.6.1"
  resolved "https://npm.corp.kuaishou.com/source-map/-/source-map-0.6.1.tgz#74722af32e9614e9c287a8d0bbde48b5e2f1a263"
  integrity sha512-UjgapumWlbMhkBgzT7Ykc5YXUT46F0iKu8SGXq0bcwP5dz/h0Plj6enJqjz1Zbq2l5WaqYnrVbwWOWMyF3F47g==

storejs@^1.0.25:
  version "1.1.0"
  resolved "https://npm.corp.kuaishou.com/storejs/-/storejs-1.1.0.tgz#f63be43c747c14be3a7b17018392938091d64679"
  integrity sha1-9jvkPHR8FL46excBg5KTgJHWRnk=

string-width@^1.0.1:
  version "1.0.2"
  resolved "https://npm.corp.kuaishou.com/string-width/-/string-width-1.0.2.tgz#118bdf5b8cdc51a2a7e70d211e07e2b0b9b107d3"
  integrity sha512-0XsVpQLnVCXHJfyEs8tC0zpTVIr5PKKsQtkT29IwupnPTjtPmQ3xT/4yCREF9hYkV/3M3kzcUTSAZT6a6h81tw==
  dependencies:
    code-point-at "^1.0.0"
    is-fullwidth-code-point "^1.0.0"
    strip-ansi "^3.0.0"

string_decoder@^1.1.1:
  version "1.3.0"
  resolved "https://npm.corp.kuaishou.com/string_decoder/-/string_decoder-1.3.0.tgz#42f114594a46cf1a8e30b0a84f56c78c3edac21e"
  integrity sha1-QvEUWUpGzxqOMLCoT1bHjD7awh4=
  dependencies:
    safe-buffer "~5.2.0"

string_decoder@~1.1.1:
  version "1.1.1"
  resolved "https://npm.corp.kuaishou.com/string_decoder/-/string_decoder-1.1.1.tgz#9cf1611ba62685d7030ae9e4ba34149c3af03fc8"
  integrity sha1-nPFhG6YmhdcDCunkujQUnDrwP8g=
  dependencies:
    safe-buffer "~5.1.0"

strip-ansi@^3.0.0, strip-ansi@^3.0.1:
  version "3.0.1"
  resolved "https://npm.corp.kuaishou.com/strip-ansi/-/strip-ansi-3.0.1.tgz#6a385fb8853d952d5ff05d0e8aaf94278dc63dcf"
  integrity sha1-ajhfuIU9lS1f8F0Oiq+UJ43GPc8=
  dependencies:
    ansi-regex "^2.0.0"

superagent@^3.3.1:
  version "3.8.3"
  resolved "https://npm.corp.kuaishou.com/superagent/-/superagent-3.8.3.tgz#460ea0dbdb7d5b11bc4f78deba565f86a178e128"
  integrity sha512-GLQtLMCoEIK4eDv6OGtkOoSMt3D+oq0y3dsxMuYuDvaNUvuT8eFBuLmfR0iYYzHC1e8hpzC6ZsxbuP6DIalMFA==
  dependencies:
    component-emitter "^1.2.0"
    cookiejar "^2.1.0"
    debug "^3.1.0"
    extend "^3.0.0"
    form-data "^2.3.1"
    formidable "^1.2.0"
    methods "^1.1.1"
    mime "^1.4.1"
    qs "^6.5.1"
    readable-stream "^2.3.5"

superagent@^5.2.2:
  version "5.3.1"
  resolved "https://npm.corp.kuaishou.com/superagent/-/superagent-5.3.1.tgz#d62f3234d76b8138c1320e90fa83dc1850ccabf1"
  integrity sha512-wjJ/MoTid2/RuGCOFtlacyGNxN9QLMgcpYLDQlWFIhhdJ93kNscFonGvrpAHSCVjRVj++DGCglocF7Aej1KHvQ==
  dependencies:
    component-emitter "^1.3.0"
    cookiejar "^2.1.2"
    debug "^4.1.1"
    fast-safe-stringify "^2.0.7"
    form-data "^3.0.0"
    formidable "^1.2.2"
    methods "^1.1.2"
    mime "^2.4.6"
    qs "^6.9.4"
    readable-stream "^3.6.0"
    semver "^7.3.2"

to-regex-range@^5.0.1:
  version "5.0.1"
  resolved "https://npm.corp.kuaishou.com/to-regex-range/-/to-regex-range-5.0.1.tgz#1648c44aae7c8d988a326018ed72f5b4dd0392e4"
  integrity sha1-FkjESq58jZiKMmAY7XL1tN0DkuQ=
  dependencies:
    is-number "^7.0.0"

underscore@^1.8.3:
  version "1.13.6"
  resolved "https://npm.corp.kuaishou.com/underscore/-/underscore-1.13.6.tgz#04786a1f589dc6c09f761fc5f45b89e935136441"
  integrity sha512-+A5Sja4HP1M08MaXya7p5LvjuM7K6q/2EaC0+iovj/wOcMsTzMvDFbasi/oSapiwOlt252IqsKqPjCl7huKS0A==

util-deprecate@^1.0.1, util-deprecate@~1.0.1:
  version "1.0.2"
  resolved "https://npm.corp.kuaishou.com/util-deprecate/-/util-deprecate-1.0.2.tgz#450d4dc9fa70de732762fbd2d4a28981419a0ccf"
  integrity sha512-EPD5q1uXyFxJpCrLnCc1nHnq3gOa6DZBocAIiI2TaSCA7VCJ1UJDMagCzIkXNsUYfD1daK//LTEQ8xiIbrHtcw==

uuid@^3.0.0, uuid@^3.3.2:
  version "3.4.0"
  resolved "https://npm.corp.kuaishou.com/uuid/-/uuid-3.4.0.tgz#b23e4358afa8a202fe7a100af1f5f883f02007ee"
  integrity sha512-HjSDRw6gZE5JMggctHBcjVak08+KEVhSIiDzFnT9S9aegmp85S/bReBVTb4QTFaRNptJ9kuYaNhnbNEOkbKb/A==

valine@^1.4.18:
  version "1.5.1"
  resolved "https://npm.corp.kuaishou.com/valine/-/valine-1.5.1.tgz#cb7aa97c07588646e7cd1494bd1a4d09093931c3"
  integrity sha512-uT9tHuoKkFUqqVHHRyz4EPe8U+h1ZkCa2lVKH8SKZM9r1Whm8DZW9GfrK4USmLJ+QwpHWenPIKOH0s2xO0BVbQ==
  dependencies:
    autosize "^4.0.2"
    balajs "^1.0.7"
    balalaika "^1.0.1"
    blueimp-md5 "^2.8.0"
    element-closest "^3.0.2"
    hanabi "^0.4.0"
    insane "^2.6.2"
    leancloud-storage "^3.0.4"
    marked "^4.0.8"
    sass "^1.49.9"
    storejs "^1.0.25"
    xss "^1.0.6"

vssue@^1.4.6:
  version "1.4.8"
  resolved "https://npm.corp.kuaishou.com/vssue/-/vssue-1.4.8.tgz#e0de059d16bf870dd7d72735d71761dfedfcfeb5"
  integrity sha1-4N4FnRa/hw3X1yc11xdh3+38/rU=
  dependencies:
    "@vssue/utils" "^1.4.7"
    github-markdown-css "^3.0.1"
    vue "^2.6.10"
    vue-i18n "^8.11.2"
    vue-property-decorator "^8.1.1"

vue-class-component@^7.1.0:
  version "7.2.6"
  resolved "https://npm.corp.kuaishou.com/vue-class-component/-/vue-class-component-7.2.6.tgz#8471e037b8e4762f5a464686e19e5afc708502e4"
  integrity sha1-hHHgN7jkdi9aRkaG4Z5a/HCFAuQ=

vue-i18n@^8.11.2:
  version "8.28.2"
  resolved "https://npm.corp.kuaishou.com/vue-i18n/-/vue-i18n-8.28.2.tgz#913558066e274395c0a9f40b2f3393d5c2636840"
  integrity sha512-C5GZjs1tYlAqjwymaaCPDjCyGo10ajUphiwA922jKt9n7KPpqR7oM1PCwYzhB/E7+nT3wfdG3oRre5raIT1rKA==

vue-property-decorator@^8.1.1:
  version "8.5.1"
  resolved "https://npm.corp.kuaishou.com/vue-property-decorator/-/vue-property-decorator-8.5.1.tgz#571a91cf8d2b507f537d79bf8275af3184572fff"
  integrity sha1-VxqRz40rUH9TfXm/gnWvMYRXL/8=
  dependencies:
    vue-class-component "^7.1.0"

vue@^2.6.10:
  version "2.7.13"
  resolved "https://npm.corp.kuaishou.com/vue/-/vue-2.7.13.tgz#e9e499cc6da46dc7941c2510193b15aa6a84a79f"
  integrity sha512-QnM6ULTNnPmn71eUO+4hdjfBIA3H0GLsBnchnI/kS678tjI45GOUZhXd0oP/gX9isikXz1PAzSnkPspp9EUNfQ==
  dependencies:
    "@vue/compiler-sfc" "2.7.13"
    csstype "^3.1.0"

window-size@^0.1.4:
  version "0.1.4"
  resolved "https://npm.corp.kuaishou.com/window-size/-/window-size-0.1.4.tgz#f8e1aa1ee5a53ec5bf151ffa09742a6ad7697876"
  integrity sha1-+OGqHuWlPsW/FR/6CXQqatdpeHY=

wrap-ansi@^2.0.0:
  version "2.1.0"
  resolved "https://npm.corp.kuaishou.com/wrap-ansi/-/wrap-ansi-2.1.0.tgz#d8fc3d284dd05794fe84973caecdd1cf824fdd85"
  integrity sha512-vAaEaDM946gbNpH5pLVNR+vX2ht6n0Bt3GXwVB1AuAqZosOvHNF3P7wDnh8KLkSqgUh0uh77le7Owgoz+Z9XBw==
  dependencies:
    string-width "^1.0.1"
    strip-ansi "^3.0.1"

wrappy@1:
  version "1.0.2"
  resolved "https://npm.corp.kuaishou.com/wrappy/-/wrappy-1.0.2.tgz#b5243d8f3ec1aa35f1364605bc0d1036e30ab69f"
  integrity sha1-tSQ9jz7BqjXxNkYFvA0QNuMKtp8=

ws@^5.2.2:
  version "5.2.3"
  resolved "https://npm.corp.kuaishou.com/ws/-/ws-5.2.3.tgz#05541053414921bc29c63bee14b8b0dd50b07b3d"
  integrity sha512-jZArVERrMsKUatIdnLzqvcfydI85dvd/Fp1u/VOpfdDWQ4c9qWXe+VIeAbQ5FrDwciAkr+lzofXLz3Kuf26AOA==
  dependencies:
    async-limiter "~1.0.0"

xss@^1.0.6:
  version "1.0.14"
  resolved "https://npm.corp.kuaishou.com/xss/-/xss-1.0.14.tgz#4f3efbde75ad0d82e9921cc3c95e6590dd336694"
  integrity sha512-og7TEJhXvn1a7kzZGQ7ETjdQVS2UfZyTlsEdDOqvQF7GoxNfY+0YLCzBy1kPdsDDx4QuNAonQPddpsn6Xl/7sw==
  dependencies:
    commander "^2.20.3"
    cssfilter "0.0.10"

y18n@^3.2.0:
  version "3.2.2"
  resolved "https://npm.corp.kuaishou.com/y18n/-/y18n-3.2.2.tgz#85c901bd6470ce71fc4bb723ad209b70f7f28696"
  integrity sha1-hckBvWRwznH8S7cjrSCbcPfyhpY=

yallist@^4.0.0:
  version "4.0.0"
  resolved "https://npm.corp.kuaishou.com/yallist/-/yallist-4.0.0.tgz#9bb92790d9c0effec63be73519e11a35019a3a72"
  integrity sha1-m7knkNnA7/7GO+c1GeEaNQGaOnI=

yargs@^3.10.0:
  version "3.32.0"
  resolved "https://npm.corp.kuaishou.com/yargs/-/yargs-3.32.0.tgz#03088e9ebf9e756b69751611d2a5ef591482c995"
  integrity sha512-ONJZiimStfZzhKamYvR/xvmgW3uEkAUFSP91y2caTEPhzF6uP2JfPiVZcq66b/YR0C3uitxSV7+T1x8p5bkmMg==
  dependencies:
    camelcase "^2.0.1"
    cliui "^3.0.3"
    decamelize "^1.1.1"
    os-locale "^1.4.0"
    string-width "^1.0.1"
    window-size "^0.1.4"
    y18n "^3.2.0"
